
Microsoft Visual Studio Solution File, Format Version 12.00
# Visual Studio Version 16
VisualStudioVersion = 16.0.30907.101
MinimumVisualStudioVersion = 10.0.40219.1
Project("{FAE04EC0-301F-11D3-BF4B-00C04F79EFBC}") = "InAndOut", "InAndOut\InAndOut.csproj", "{3E735E78-8900-4D70-827F-E711554CC2FE}"
EndProject
Global
	GlobalSection(SolutionConfigurationPlatforms) = preSolution
		Debug|Any CPU = Debug|Any CPU
		Release|Any CPU = Release|Any CPU
	EndGlobalSection
	GlobalSection(ProjectConfigurationPlatforms) = postSolution
		{3E735E78-8900-4D70-827F-E711554CC2FE}.Debug|Any CPU.ActiveCfg = Debug|Any CPU
		{3E735E78-8900-4D70-827F-E711554CC2FE}.Debug|Any CPU.Build.0 = Debug|Any CPU
		{3E735E78-8900-4D70-827F-E711554CC2FE}.Release|Any CPU.ActiveCfg = Release|Any CPU
		{3E735E78-8900-4D70-827F-E711554CC2FE}.Release|Any CPU.Build.0 = Release|Any CPU
	EndGlobalSection
	GlobalSection(SolutionProperties) = preSolution
		HideSolutionNode = FALSE
	EndGlobalSection
	GlobalSection(ExtensibilityGlobals) = postSolution
		SolutionGuid = {D2D94423-AFC3-4B7C-9EF5-E1D270EFAD37}
	EndGlobalSection
EndGlobal
